
Microsoft Visual Studio Solution File, Format Version 12.00
# Visual Studio Version 17
VisualStudioVersion = 17.12.35707.178 d17.12
MinimumVisualStudioVersion = 10.0.40219.1
Project("{FAE04EC0-301F-11D3-BF4B-00C04F79EFBC}") = "Episode-RenamerDotNet", "Episode-RenamerDotNet\Episode-RenamerDotNet.csproj", "{EB26F34E-0628-43C5-96AF-03E5E874B52E}"
EndProject
Global
	GlobalSection(SolutionConfigurationPlatforms) = preSolution
		Debug|Any CPU = Debug|Any CPU
		Release|Any CPU = Release|Any CPU
	EndGlobalSection
	GlobalSection(ProjectConfigurationPlatforms) = postSolution
		{EB26F34E-0628-43C5-96AF-03E5E874B52E}.Debug|Any CPU.ActiveCfg = Debug|Any CPU
		{EB26F34E-0628-43C5-96AF-03E5E874B52E}.Debug|Any CPU.Build.0 = Debug|Any CPU
		{EB26F34E-0628-43C5-96AF-03E5E874B52E}.Release|Any CPU.ActiveCfg = Release|Any CPU
		{EB26F34E-0628-43C5-96AF-03E5E874B52E}.Release|Any CPU.Build.0 = Release|Any CPU
	EndGlobalSection
	GlobalSection(SolutionProperties) = preSolution
		HideSolutionNode = FALSE
	EndGlobalSection
EndGlobal
